
Microsoft Visual Studio Solution File, Format Version 12.00
# Visual Studio Version 17
VisualStudioVersion = 17.2.32526.322
MinimumVisualStudioVersion = 10.0.40219.1
Project("{FAE04EC0-301F-11D3-BF4B-00C04F79EFBC}") = "AuthenticationWithCli", "AuthenticationWithCli\AuthenticationWithCli.csproj", "{69D157F4-8568-4E9E-9659-D681E3671F0C}"
EndProject
Global
	GlobalSection(SolutionConfigurationPlatforms) = preSolution
		Debug|Any CPU = Debug|Any CPU
		Release|Any CPU = Release|Any CPU
	EndGlobalSection
	GlobalSection(ProjectConfigurationPlatforms) = postSolution
		{69D157F4-8568-4E9E-9659-D681E3671F0C}.Debug|Any CPU.ActiveCfg = Debug|Any CPU
		{69D157F4-8568-4E9E-9659-D681E3671F0C}.Debug|Any CPU.Build.0 = Debug|Any CPU
		{69D157F4-8568-4E9E-9659-D681E3671F0C}.Release|Any CPU.ActiveCfg = Release|Any CPU
		{69D157F4-8568-4E9E-9659-D681E3671F0C}.Release|Any CPU.Build.0 = Release|Any CPU
	EndGlobalSection
	GlobalSection(SolutionProperties) = preSolution
		HideSolutionNode = FALSE
	EndGlobalSection
	GlobalSection(ExtensibilityGlobals) = postSolution
		SolutionGuid = {3B589FED-6618-4120-A109-C732AE173796}
	EndGlobalSection
EndGlobal
